dependencies:
- name: a1controller
  repository: http://localhost:18080
  version: 2.0.0
- name: a1simulator
  repository: http://localhost:18080
  version: 2.1.0
- name: controlpanel
  repository: http://localhost:18080
  version: 2.0.0
- name: policymanagementservice
  repository: http://localhost:18080
  version: 2.0.0
- name: informationservice
  repository: http://localhost:18080
  version: 1.0.0
- name: nonrtric-common
  repository: http://localhost:18080
  version: 2.0.0
- name: rappcatalogueservice
  repository: http://localhost:18080
  version: 1.0.0
- name: nonrtricgateway
  repository: http://localhost:18080
  version: 1.0.0
- name: oru-app
  repository: http://localhost:18080
  version: 1.0.0
- name: topology
  repository: http://localhost:18080
  version: 1.0.0
- name: dmaapmediatorservice
  repository: http://localhost:18080
  version: 1.0.0
- name: helmmanager
  repository: http://localhost:18080
  version: 1.0.0
- name: kong
  repository: https://nexus3.o-ran-sc.org/repository/helm-konghq/
  version: 2.4.0
- name: dmaapadapterservice
  repository: http://localhost:18080
  version: 1.0.0
- name: cert-wrapper
  repository: http://localhost:18080
  version: 10.0.0
digest: sha256:dab1ec5ff6e165d2da8a404871f01381918ed45d6ded85e0addcea5a669d9f0d
generated: "2022-05-04T08:48:23.560169049Z"
